# This file is automatically @generated by Poetry 1.5.4 and should not be changed by hand.

[[package]]
name = "snake"
version = "0.2"
description = "Snake is yet another Make-like tool inspired by Rake."
optional = false
python-versions = "*"
files = [
    {file = "Snake-0.2.tar.gz", hash = "sha256:d922823ec140557e5b87dd0912cfddd65681df2753988caa3f224ebf4ebbeeac"},
]

[metadata]
lock-version = "2.0"
python-versions = ">=3.10.0,<3.12"
content-hash = "ec8eb8290a3fb734858d9b8b118c69a9ee277a870bae66ad3b8a68b7710dd5b1"
